
Microsoft Visual Studio Solution File, Format Version 12.00
# Visual Studio 15
Project("{FAE04EC0-301F-11D3-BF4B-00C04F79EFBC}") = "Assembly-CSharp", "Assembly-CSharp.csproj", "{3B0C4755-954A-2B55-A5E1-B9757BA51EE3}"
EndProject
Project("{FAE04EC0-301F-11D3-BF4B-00C04F79EFBC}") = "Assembly-CSharp-Editor", "Assembly-CSharp-Editor.csproj", "{A29CDA95-EE45-5D80-1B44-0C9F21A6DDB3}"
EndProject
Project("{FAE04EC0-301F-11D3-BF4B-00C04F79EFBC}") = "EditorMigrationScripts", "EditorMigrationScripts.csproj", "{B49605D1-5398-6F5A-4AA6-C6C99A869013}"
EndProject
Global
	GlobalSection(SolutionConfigurationPlatforms) = preSolution
		Debug|Any CPU = Debug|Any CPU
		Release|Any CPU = Release|Any CPU
	EndGlobalSection
	GlobalSection(ProjectConfigurationPlatforms) = postSolution
		{3B0C4755-954A-2B55-A5E1-B9757BA51EE3}.Debug|Any CPU.ActiveCfg = Debug|Any CPU
		{3B0C4755-954A-2B55-A5E1-B9757BA51EE3}.Debug|Any CPU.Build.0 = Debug|Any CPU
		{3B0C4755-954A-2B55-A5E1-B9757BA51EE3}.Release|Any CPU.ActiveCfg = Release|Any CPU
		{3B0C4755-954A-2B55-A5E1-B9757BA51EE3}.Release|Any CPU.Build.0 = Release|Any CPU
		{A29CDA95-EE45-5D80-1B44-0C9F21A6DDB3}.Debug|Any CPU.ActiveCfg = Debug|Any CPU
		{A29CDA95-EE45-5D80-1B44-0C9F21A6DDB3}.Debug|Any CPU.Build.0 = Debug|Any CPU
		{A29CDA95-EE45-5D80-1B44-0C9F21A6DDB3}.Release|Any CPU.ActiveCfg = Release|Any CPU
		{A29CDA95-EE45-5D80-1B44-0C9F21A6DDB3}.Release|Any CPU.Build.0 = Release|Any CPU
		{B49605D1-5398-6F5A-4AA6-C6C99A869013}.Debug|Any CPU.ActiveCfg = Debug|Any CPU
		{B49605D1-5398-6F5A-4AA6-C6C99A869013}.Debug|Any CPU.Build.0 = Debug|Any CPU
		{B49605D1-5398-6F5A-4AA6-C6C99A869013}.Release|Any CPU.ActiveCfg = Release|Any CPU
		{B49605D1-5398-6F5A-4AA6-C6C99A869013}.Release|Any CPU.Build.0 = Release|Any CPU
	EndGlobalSection
	GlobalSection(SolutionProperties) = preSolution
		HideSolutionNode = FALSE
	EndGlobalSection
EndGlobal
